// !$*UTF8*$!
{
	archiveVersion = 1;
	classes = {
	};
	objectVersion = 77;
	objects = {

/* Begin PBXContainerItemProxy section */
		5573A8CA2CCB79EE002B564D /* PBXContainerItemProxy */ = {
			isa = PBXContainerItemProxy;
			containerPortal = 5573A8B12CCB79ED002B564D /* Project object */;
			proxyType = 1;
			remoteGlobalIDString = 5573A8B82CCB79ED002B564D;
			remoteInfo = CaluculationNoteApps;
		};
		5573A8D42CCB79EE002B564D /* PBXContainerItemProxy */ = {
			isa = PBXContainerItemProxy;
			containerPortal = 5573A8B12CCB79ED002B564D /* Project object */;
			proxyType = 1;
			remoteGlobalIDString = 5573A8B82CCB79ED002B564D;
			remoteInfo = CaluculationNoteApps;
		};
/* End PBXContainerItemProxy section */

/* Begin PBXFileReference section */
		5573A8B92CCB79ED002B564D /* CaluculationNoteApps.app */ = {isa = PBXFileReference; explicitFileType = wrapper.application; includeInIndex = 0; path = CaluculationNoteApps.app; sourceTree = BUILT_PRODUCTS_DIR; };
		5573A8C92CCB79EE002B564D /* CaluculationNoteAppsTests.xctest */ = {isa = PBXFileReference; explicitFileType = wrapper.cfbundle; includeInIndex = 0; path = CaluculationNoteAppsTests.xctest; sourceTree = BUILT_PRODUCTS_DIR; };
		5573A8D32CCB79EE002B564D /* CaluculationNoteAppsUITests.xctest */ = {isa = PBXFileReference; explicitFileType = wrapper.cfbundle; includeInIndex = 0; path = CaluculationNoteAppsUITests.xctest; sourceTree = BUILT_PRODUCTS_DIR; };
/* End PBXFileReference section */

/* Begin PBXFileSystemSynchronizedRootGroup section */
		5573A8BB2CCB79ED002B564D /* CaluculationNoteApps */ = {
			isa = PBXFileSystemSynchronizedRootGroup;
			path = CaluculationNoteApps;
			sourceTree = "<group>";
		};
		5573A8CC2CCB79EE002B564D /* CaluculationNoteAppsTests */ = {
			isa = PBXFileSystemSynchronizedRootGroup;
			path = CaluculationNoteAppsTests;
			sourceTree = "<group>";
		};
		5573A8D62CCB79EE002B564D /* CaluculationNoteAppsUITests */ = {
			isa = PBXFileSystemSynchronizedRootGroup;
			path = CaluculationNoteAppsUITests;
			sourceTree = "<group>";
		};
		5573A8E62CCB7B78002B564D /* Model */ = {
			isa = PBXFileSystemSynchronizedRootGroup;
			path = Model;
			sourceTree = "<group>";
		};
		5573A8E72CCB7B86002B564D /* View */ = {
			isa = PBXFileSystemSynchronizedRootGroup;
			path = View;
			sourceTree = "<group>";
		};
		5573A8E82CCB7B91002B564D /* ViewModel */ = {
			isa = PBXFileSystemSynchronizedRootGroup;
			path = ViewModel;
			sourceTree = "<group>";
		};
/* End PBXFileSystemSynchronizedRootGroup section */

/* Begin PBXFrameworksBuildPhase section */
		5573A8B62CCB79ED002B564D /* Frameworks */ = {
			isa = PBXFrameworksBuildPhase;
			buildActionMask = 2147483647;
			files = (
			);
			runOnlyForDeploymentPostprocessing = 0;
		};
		5573A8C62CCB79EE002B564D /* Frameworks */ = {
			isa = PBXFrameworksBuildPhase;
			buildActionMask = 2147483647;
			files = (
			);
			runOnlyForDeploymentPostprocessing = 0;
		};
		5573A8D02CCB79EE002B564D /* Frameworks */ = {
			isa = PBXFrameworksBuildPhase;
			buildActionMask = 2147483647;
			files = (
			);
			runOnlyForDeploymentPostprocessing = 0;
		};
/* End PBXFrameworksBuildPhase section */

/* Begin PBXGroup section */
		5573A8B02CCB79ED002B564D = {
			isa = PBXGroup;
			children = (
				5573A8BB2CCB79ED002B564D /* CaluculationNoteApps */,
				5573A8CC2CCB79EE002B564D /* CaluculationNoteAppsTests */,
				5573A8D62CCB79EE002B564D /* CaluculationNoteAppsUITests */,
				5573A8E62CCB7B78002B564D /* Model */,
				5573A8E72CCB7B86002B564D /* View */,
				5573A8E82CCB7B91002B564D /* ViewModel */,
				5573A8BA2CCB79ED002B564D /* Products */,
			);
			sourceTree = "<group>";
		};
		5573A8BA2CCB79ED002B564D /* Products */ = {
			isa = PBXGroup;
			children = (
				5573A8B92CCB79ED002B564D /* CaluculationNoteApps.app */,
				5573A8C92CCB79EE002B564D /* CaluculationNoteAppsTests.xctest */,
				5573A8D32CCB79EE002B564D /* CaluculationNoteAppsUITests.xctest */,
			);
			name = Products;
			sourceTree = "<group>";
		};
/* End PBXGroup section */

/* Begin PBXNativeTarget section */
		5573A8B82CCB79ED002B564D /* CaluculationNoteApps */ = {
			isa = PBXNativeTarget;
			buildConfigurationList = 5573A8DD2CCB79EE002B564D /* Build configuration list for PBXNativeTarget "CaluculationNoteApps" */;
			buildPhases = (
				5573A8B52CCB79ED002B564D /* Sources */,
				5573A8B62CCB79ED002B564D /* Frameworks */,
				5573A8B72CCB79ED002B564D /* Resources */,
			);
			buildRules = (
			);
			dependencies = (
			);
			fileSystemSynchronizedGroups = (
				5573A8BB2CCB79ED002B564D /* CaluculationNoteApps */,
				5573A8E62CCB7B78002B564D /* Model */,
				5573A8E72CCB7B86002B564D /* View */,
				5573A8E82CCB7B91002B564D /* ViewModel */,
			);
			name = CaluculationNoteApps;
			packageProductDependencies = (
			);
			productName = CaluculationNoteApps;
			productReference = 5573A8B92CCB79ED002B564D /* CaluculationNoteApps.app */;
			productType = "com.apple.product-type.application";
		};
		5573A8C82CCB79EE002B564D /* CaluculationNoteAppsTests */ = {
			isa = PBXNativeTarget;
			buildConfigurationList = 5573A8E02CCB79EE002B564D /* Build configuration list for PBXNativeTarget "CaluculationNoteAppsTests" */;
			buildPhases = (
				5573A8C52CCB79EE002B564D /* Sources */,
				5573A8C62CCB79EE002B564D /* Frameworks */,
				5573A8C72CCB79EE002B564D /* Resources */,
			);
			buildRules = (
			);
			dependencies = (
				5573A8CB2CCB79EE002B564D /* PBXTargetDependency */,
			);
			fileSystemSynchronizedGroups = (
				5573A8CC2CCB79EE002B564D /* CaluculationNoteAppsTests */,
			);
			name = CaluculationNoteAppsTests;
			packageProductDependencies = (
			);
			productName = CaluculationNoteAppsTests;
			productReference = 5573A8C92CCB79EE002B564D /* CaluculationNoteAppsTests.xctest */;
			productType = "com.apple.product-type.bundle.unit-test";
		};
		5573A8D22CCB79EE002B564D /* CaluculationNoteAppsUITests */ = {
			isa = PBXNativeTarget;
			buildConfigurationList = 5573A8E32CCB79EE002B564D /* Build configuration list for PBXNativeTarget "CaluculationNoteAppsUITests" */;
			buildPhases = (
				5573A8CF2CCB79EE002B564D /* Sources */,
				5573A8D02CCB79EE002B564D /* Frameworks */,
				5573A8D12CCB79EE002B564D /* Resources */,
			);
			buildRules = (
			);
			dependencies = (
				5573A8D52CCB79EE002B564D /* PBXTargetDependency */,
			);
			fileSystemSynchronizedGroups = (
				5573A8D62CCB79EE002B564D /* CaluculationNoteAppsUITests */,
			);
			name = CaluculationNoteAppsUITests;
			packageProductDependencies = (
			);
			productName = CaluculationNoteAppsUITests;
			productReference = 5573A8D32CCB79EE002B564D /* CaluculationNoteAppsUITests.xctest */;
			productType = "com.apple.product-type.bundle.ui-testing";
		};
/* End PBXNativeTarget section */

/* Begin PBXProject section */
		5573A8B12CCB79ED002B564D /* Project object */ = {
			isa = PBXProject;
			attributes = {
				BuildIndependentTargetsInParallel = 1;
				LastSwiftUpdateCheck = 1600;
				LastUpgradeCheck = 1600;
				TargetAttributes = {
					5573A8B82CCB79ED002B564D = {
						CreatedOnToolsVersion = 16.0;
					};
					5573A8C82CCB79EE002B564D = {
						CreatedOnToolsVersion = 16.0;
						TestTargetID = 5573A8B82CCB79ED002B564D;
					};
					5573A8D22CCB79EE002B564D = {
						CreatedOnToolsVersion = 16.0;
						TestTargetID = 5573A8B82CCB79ED002B564D;
					};
				};
			};
			buildConfigurationList = 5573A8B42CCB79ED002B564D /* Build configuration list for PBXProject "CaluculationNoteApps" */;
			developmentRegion = en;
			hasScannedForEncodings = 0;
			knownRegions = (
				en,
				Base,
			);
			mainGroup = 5573A8B02CCB79ED002B564D;
			minimizedProjectReferenceProxies = 1;
			preferredProjectObjectVersion = 77;
			productRefGroup = 5573A8BA2CCB79ED002B564D /* Products */;
			projectDirPath = "";
			projectRoot = "";
			targets = (
				5573A8B82CCB79ED002B564D /* CaluculationNoteApps */,
				5573A8C82CCB79EE002B564D /* CaluculationNoteAppsTests */,
				5573A8D22CCB79EE002B564D /* CaluculationNoteAppsUITests */,
			);
		};
/* End PBXProject section */

/* Begin PBXResourcesBuildPhase section */
		5573A8B72CCB79ED002B564D /* Resources */ = {
			isa = PBXResourcesBuildPhase;
			buildActionMask = 2147483647;
			files = (
			);
			runOnlyForDeploymentPostprocessing = 0;
		};
		5573A8C72CCB79EE002B564D /* Resources */ = {
			isa = PBXResourcesBuildPhase;
			buildActionMask = 2147483647;
			files = (
			);
			runOnlyForDeploymentPostprocessing = 0;
		};
		5573A8D12CCB79EE002B564D /* Resources */ = {
			isa = PBXResourcesBuildPhase;
			buildActionMask = 2147483647;
			files = (
			);
			runOnlyForDeploymentPostprocessing = 0;
		};
/* End PBXResourcesBuildPhase section */

/* Begin PBXSourcesBuildPhase section */
		5573A8B52CCB79ED002B564D /* Sources */ = {
			isa = PBXSourcesBuildPhase;
			buildActionMask = 2147483647;
			files = (
			);
			runOnlyForDeploymentPostprocessing = 0;
		};
		5573A8C52CCB79EE002B564D /* Sources */ = {
			isa = PBXSourcesBuildPhase;
			buildActionMask = 2147483647;
			files = (
			);
			runOnlyForDeploymentPostprocessing = 0;
		};
		5573A8CF2CCB79EE002B564D /* Sources */ = {
			isa = PBXSourcesBuildPhase;
			buildActionMask = 2147483647;
			files = (
			);
			runOnlyForDeploymentPostprocessing = 0;
		};
/* End PBXSourcesBuildPhase section */

/* Begin PBXTargetDependency section */
		5573A8CB2CCB79EE002B564D /* PBXTargetDependency */ = {
			isa = PBXTargetDependency;
			target = 5573A8B82CCB79ED002B564D /* CaluculationNoteApps */;
			targetProxy = 5573A8CA2CCB79EE002B564D /* PBXContainerItemProxy */;
		};
		5573A8D52CCB79EE002B564D /* PBXTargetDependency */ = {
			isa = PBXTargetDependency;
			target = 5573A8B82CCB79ED002B564D /* CaluculationNoteApps */;
			targetProxy = 5573A8D42CCB79EE002B564D /* PBXContainerItemProxy */;
		};
/* End PBXTargetDependency section */

/* Begin XCBuildConfiguration section */
		5573A8DB2CCB79EE002B564D /* Debug */ = {
			isa = XCBuildConfiguration;
			buildSettings = {
				ALWAYS_SEARCH_USER_PATHS = NO;
				ASSETCATALOG_COMPILER_GENERATE_SWIFT_ASSET_SYMBOL_EXTENSIONS = YES;
				CLANG_ANALYZER_NONNULL = YES;
				CLANG_ANALYZER_NUMBER_OBJECT_CONVERSION = YES_AGGRESSIVE;
				CLANG_CXX_LANGUAGE_STANDARD = "gnu++20";
				CLANG_ENABLE_MODULES = YES;
				CLANG_ENABLE_OBJC_ARC = YES;
				CLANG_ENABLE_OBJC_WEAK = YES;
				CLANG_WARN_BLOCK_CAPTURE_AUTORELEASING = YES;
				CLANG_WARN_BOOL_CONVERSION = YES;
				CLANG_WARN_COMMA = YES;
				CLANG_WARN_CONSTANT_CONVERSION = YES;
				CLANG_WARN_DEPRECATED_OBJC_IMPLEMENTATIONS = YES;
				CLANG_WARN_DIRECT_OBJC_ISA_USAGE = YES_ERROR;
				CLANG_WARN_DOCUMENTATION_COMMENTS = YES;
				CLANG_WARN_EMPTY_BODY = YES;
				CLANG_WARN_ENUM_CONVERSION = YES;
				CLANG_WARN_INFINITE_RECURSION = YES;
				CLANG_WARN_INT_CONVERSION = YES;
				CLANG_WARN_NON_LITERAL_NULL_CONVERSION = YES;
				CLANG_WARN_OBJC_IMPLICIT_RETAIN_SELF = YES;
				CLANG_WARN_OBJC_LITERAL_CONVERSION = YES;
				CLANG_WARN_OBJC_ROOT_CLASS = YES_ERROR;
				CLANG_WARN_QUOTED_INCLUDE_IN_FRAMEWORK_HEADER = YES;
				CLANG_WARN_RANGE_LOOP_ANALYSIS = YES;
				CLANG_WARN_STRICT_PROTOTYPES = YES;
				CLANG_WARN_SUSPICIOUS_MOVE = YES;
				CLANG_WARN_UNGUARDED_AVAILABILITY = YES_AGGRESSIVE;
				CLANG_WARN_UNREACHABLE_CODE = YES;
				CLANG_WARN__DUPLICATE_METHOD_MATCH = YES;
				COPY_PHASE_STRIP = NO;
				DEBUG_INFORMATION_FORMAT = dwarf;
				ENABLE_STRICT_OBJC_MSGSEND = YES;
				ENABLE_TESTABILITY = YES;
				ENABLE_USER_SCRIPT_SANDBOXING = YES;
				GCC_C_LANGUAGE_STANDARD = gnu17;
				GCC_DYNAMIC_NO_PIC = NO;
				GCC_NO_COMMON_BLOCKS = YES;
				GCC_OPTIMIZATION_LEVEL = 0;
				GCC_PREPROCESSOR_DEFINITIONS = (
					"DEBUG=1",
					"$(inherited)",
				);
				GCC_WARN_64_TO_32_BIT_CONVERSION = YES;
				GCC_WARN_ABOUT_RETURN_TYPE = YES_ERROR;
				GCC_WARN_UNDECLARED_SELECTOR = YES;
				GCC_WARN_UNINITIALIZED_AUTOS = YES_AGGRESSIVE;
				GCC_WARN_UNUSED_FUNCTION = YES;
				GCC_WARN_UNUSED_VARIABLE = YES;
				IPHONEOS_DEPLOYMENT_TARGET = 18.0;
				LOCALIZATION_PREFERS_STRING_CATALOGS = YES;
				MTL_ENABLE_DEBUG_INFO = INCLUDE_SOURCE;
				MTL_FAST_MATH = YES;
				ONLY_ACTIVE_ARCH = YES;
				SDKROOT = iphoneos;
				SWIFT_ACTIVE_COMPILATION_CONDITIONS = "DEBUG $(inherited)";
				SWIFT_OPTIMIZATION_LEVEL = "-Onone";
			};
			name = Debug;
		};
		5573A8DC2CCB79EE002B564D /* Release */ = {
			isa = XCBuildConfiguration;
			buildSettings = {
				ALWAYS_SEARCH_USER_PATHS = NO;
				ASSETCATALOG_COMPILER_GENERATE_SWIFT_ASSET_SYMBOL_EXTENSIONS = YES;
				CLANG_ANALYZER_NONNULL = YES;
				CLANG_ANALYZER_NUMBER_OBJECT_CONVERSION = YES_AGGRESSIVE;
				CLANG_CXX_LANGUAGE_STANDARD = "gnu++20";
				CLANG_ENABLE_MODULES = YES;
				CLANG_ENABLE_OBJC_ARC = YES;
				CLANG_ENABLE_OBJC_WEAK = YES;
				CLANG_WARN_BLOCK_CAPTURE_AUTORELEASING = YES;
				CLANG_WARN_BOOL_CONVERSION = YES;
				CLANG_WARN_COMMA = YES;
				CLANG_WARN_CONSTANT_CONVERSION = YES;
				CLANG_WARN_DEPRECATED_OBJC_IMPLEMENTATIONS = YES;
				CLANG_WARN_DIRECT_OBJC_ISA_USAGE = YES_ERROR;
				CLANG_WARN_DOCUMENTATION_COMMENTS = YES;
				CLANG_WARN_EMPTY_BODY = YES;
				CLANG_WARN_ENUM_CONVERSION = YES;
				CLANG_WARN_INFINITE_RECURSION = YES;
				CLANG_WARN_INT_CONVERSION = YES;
				CLANG_WARN_NON_LITERAL_NULL_CONVERSION = YES;
				CLANG_WARN_OBJC_IMPLICIT_RETAIN_SELF = YES;
				CLANG_WARN_OBJC_LITERAL_CONVERSION = YES;
				CLANG_WARN_OBJC_ROOT_CLASS = YES_ERROR;
				CLANG_WARN_QUOTED_INCLUDE_IN_FRAMEWORK_HEADER = YES;
				CLANG_WARN_RANGE_LOOP_ANALYSIS = YES;
				CLANG_WARN_STRICT_PROTOTYPES = YES;
				CLANG_WARN_SUSPICIOUS_MOVE = YES;
				CLANG_WARN_UNGUARDED_AVAILABILITY = YES_AGGRESSIVE;
				CLANG_WARN_UNREACHABLE_CODE = YES;
				CLANG_WARN__DUPLICATE_METHOD_MATCH = YES;
				COPY_PHASE_STRIP = NO;
				DEBUG_INFORMATION_FORMAT = "dwarf-with-dsym";
				ENABLE_NS_ASSERTIONS = NO;
				ENABLE_STRICT_OBJC_MSGSEND = YES;
				ENABLE_USER_SCRIPT_SANDBOXING = YES;
				GCC_C_LANGUAGE_STANDARD = gnu17;
				GCC_NO_COMMON_BLOCKS = YES;
				GCC_WARN_64_TO_32_BIT_CONVERSION = YES;
				GCC_WARN_ABOUT_RETURN_TYPE = YES_ERROR;
				GCC_WARN_UNDECLARED_SELECTOR = YES;
				GCC_WARN_UNINITIALIZED_AUTOS = YES_AGGRESSIVE;
				GCC_WARN_UNUSED_FUNCTION = YES;
				GCC_WARN_UNUSED_VARIABLE = YES;
				IPHONEOS_DEPLOYMENT_TARGET = 18.0;
				LOCALIZATION_PREFERS_STRING_CATALOGS = YES;
				MTL_ENABLE_DEBUG_INFO = NO;
				MTL_FAST_MATH = YES;
				SDKROOT = iphoneos;
				SWIFT_COMPILATION_MODE = wholemodule;
				VALIDATE_PRODUCT = YES;
			};
			name = Release;
		};
		5573A8DE2CCB79EE002B564D /* Debug */ = {
			isa = XCBuildConfiguration;
			buildSettings = {
				ASSETCATALOG_COMPILER_APPICON_NAME = AppIcon;
				ASSETCATALOG_COMPILER_GLOBAL_ACCENT_COLOR_NAME = AccentColor;
				CODE_SIGN_STYLE = Automatic;
				CURRENT_PROJECT_VERSION = 1;
				DEVELOPMENT_ASSET_PATHS = "\"CaluculationNoteApps/Preview Content\"";
				DEVELOPMENT_TEAM = D6W4WV6GDL;
				ENABLE_PREVIEWS = YES;
				GENERATE_INFOPLIST_FILE = YES;
				INFOPLIST_KEY_UIApplicationSceneManifest_Generation = YES;
				INFOPLIST_KEY_UIApplicationSupportsIndirectInputEvents = YES;
				INFOPLIST_KEY_UILaunchScreen_Generation = YES;
				INFOPLIST_KEY_UISupportedInterfaceOrientations_iPad = "UIInterfaceOrientationPortrait UIInterfaceOrientationPortraitUpsideDown UIInterfaceOrientationLandscapeLeft UIInterfaceOrientationLandscapeRight";
				INFOPLIST_KEY_UISupportedInterfaceOrientations_iPhone = "UIInterfaceOrientationPortrait UIInterfaceOrientationLandscapeLeft UIInterfaceOrientationLandscapeRight";
				LD_RUNPATH_SEARCH_PATHS = (
					"$(inherited)",
					"@executable_path/Frameworks",
				);
				MARKETING_VERSION = 1.0;
				PRODUCT_BUNDLE_IDENTIFIER = com.myapp.CaluculationNoteApps;
				PRODUCT_NAME = "$(TARGET_NAME)";
				SWIFT_EMIT_LOC_STRINGS = YES;
				SWIFT_VERSION = 5.0;
				TARGETED_DEVICE_FAMILY = "1,2";
			};
			name = Debug;
		};
		5573A8DF2CCB79EE002B564D /* Release */ = {
			isa = XCBuildConfiguration;
			buildSettings = {
				ASSETCATALOG_COMPILER_APPICON_NAME = AppIcon;
				ASSETCATALOG_COMPILER_GLOBAL_ACCENT_COLOR_NAME = AccentColor;
				CODE_SIGN_STYLE = Automatic;
				CURRENT_PROJECT_VERSION = 1;
				DEVELOPMENT_ASSET_PATHS = "\"CaluculationNoteApps/Preview Content\"";
				DEVELOPMENT_TEAM = D6W4WV6GDL;
				ENABLE_PREVIEWS = YES;
				GENERATE_INFOPLIST_FILE = YES;
				INFOPLIST_KEY_UIApplicationSceneManifest_Generation = YES;
				INFOPLIST_KEY_UIApplicationSupportsIndirectInputEvents = YES;
				INFOPLIST_KEY_UILaunchScreen_Generation = YES;
				INFOPLIST_KEY_UISupportedInterfaceOrientations_iPad = "UIInterfaceOrientationPortrait UIInterfaceOrientationPortraitUpsideDown UIInterfaceOrientationLandscapeLeft UIInterfaceOrientationLandscapeRight";
				INFOPLIST_KEY_UISupportedInterfaceOrientations_iPhone = "UIInterfaceOrientationPortrait UIInterfaceOrientationLandscapeLeft UIInterfaceOrientationLandscapeRight";
				LD_RUNPATH_SEARCH_PATHS = (
					"$(inherited)",
					"@executable_path/Frameworks",
				);
				MARKETING_VERSION = 1.0;
				PRODUCT_BUNDLE_IDENTIFIER = com.myapp.CaluculationNoteApps;
				PRODUCT_NAME = "$(TARGET_NAME)";
				SWIFT_EMIT_LOC_STRINGS = YES;
				SWIFT_VERSION = 5.0;
				TARGETED_DEVICE_FAMILY = "1,2";
			};
			name = Release;
		};
		5573A8E12CCB79EE002B564D /* Debug */ = {
			isa = XCBuildConfiguration;
			buildSettings = {
				BUNDLE_LOADER = "$(TEST_HOST)";
				CODE_SIGN_STYLE = Automatic;
				CURRENT_PROJECT_VERSION = 1;
				DEVELOPMENT_TEAM = D6W4WV6GDL;
				GENERATE_INFOPLIST_FILE = YES;
				IPHONEOS_DEPLOYMENT_TARGET = 18.0;
				MARKETING_VERSION = 1.0;
				PRODUCT_BUNDLE_IDENTIFIER = com.myapp.CaluculationNoteAppsTests;
				PRODUCT_NAME = "$(TARGET_NAME)";
				SWIFT_EMIT_LOC_STRINGS = NO;
				SWIFT_VERSION = 5.0;
				TARGETED_DEVICE_FAMILY = "1,2";
				TEST_HOST = "$(BUILT_PRODUCTS_DIR)/CaluculationNoteApps.app/$(BUNDLE_EXECUTABLE_FOLDER_PATH)/CaluculationNoteApps";
			};
			name = Debug;
		};
		5573A8E22CCB79EE002B564D /* Release */ = {
			isa = XCBuildConfiguration;
			buildSettings = {
				BUNDLE_LOADER = "$(TEST_HOST)";
				CODE_SIGN_STYLE = Automatic;
				CURRENT_PROJECT_VERSION = 1;
				DEVELOPMENT_TEAM = D6W4WV6GDL;
				GENERATE_INFOPLIST_FILE = YES;
				IPHONEOS_DEPLOYMENT_TARGET = 18.0;
				MARKETING_VERSION = 1.0;
				PRODUCT_BUNDLE_IDENTIFIER = com.myapp.CaluculationNoteAppsTests;
				PRODUCT_NAME = "$(TARGET_NAME)";
				SWIFT_EMIT_LOC_STRINGS = NO;
				SWIFT_VERSION = 5.0;
				TARGETED_DEVICE_FAMILY = "1,2";
				TEST_HOST = "$(BUILT_PRODUCTS_DIR)/CaluculationNoteApps.app/$(BUNDLE_EXECUTABLE_FOLDER_PATH)/CaluculationNoteApps";
			};
			name = Release;
		};
		5573A8E42CCB79EE002B564D /* Debug */ = {
			isa = XCBuildConfiguration;
			buildSettings = {
				CODE_SIGN_STYLE = Automatic;
				CURRENT_PROJECT_VERSION = 1;
				DEVELOPMENT_TEAM = D6W4WV6GDL;
				GENERATE_INFOPLIST_FILE = YES;
				MARKETING_VERSION = 1.0;
				PRODUCT_BUNDLE_IDENTIFIER = com.myapp.CaluculationNoteAppsUITests;
				PRODUCT_NAME = "$(TARGET_NAME)";
				SWIFT_EMIT_LOC_STRINGS = NO;
				SWIFT_VERSION = 5.0;
				TARGETED_DEVICE_FAMILY = "1,2";
				TEST_TARGET_NAME = CaluculationNoteApps;
			};
			name = Debug;
		};
		5573A8E52CCB79EE002B564D /* Release */ = {
			isa = XCBuildConfiguration;
			buildSettings = {
				CODE_SIGN_STYLE = Automatic;
				CURRENT_PROJECT_VERSION = 1;
				DEVELOPMENT_TEAM = D6W4WV6GDL;
				GENERATE_INFOPLIST_FILE = YES;
				MARKETING_VERSION = 1.0;
				PRODUCT_BUNDLE_IDENTIFIER = com.myapp.CaluculationNoteAppsUITests;
				PRODUCT_NAME = "$(TARGET_NAME)";
				SWIFT_EMIT_LOC_STRINGS = NO;
				SWIFT_VERSION = 5.0;
				TARGETED_DEVICE_FAMILY = "1,2";
				TEST_TARGET_NAME = CaluculationNoteApps;
			};
			name = Release;
		};
/* End XCBuildConfiguration section */

/* Begin XCConfigurationList section */
		5573A8B42CCB79ED002B564D /* Build configuration list for PBXProject "CaluculationNoteApps" */ = {
			isa = XCConfigurationList;
			buildConfigurations = (
				5573A8DB2CCB79EE002B564D /* Debug */,
				5573A8DC2CCB79EE002B564D /* Release */,
			);
			defaultConfigurationIsVisible = 0;
			defaultConfigurationName = Release;
		};
		5573A8DD2CCB79EE002B564D /* Build configuration list for PBXNativeTarget "CaluculationNoteApps" */ = {
			isa = XCConfigurationList;
			buildConfigurations = (
				5573A8DE2CCB79EE002B564D /* Debug */,
				5573A8DF2CCB79EE002B564D /* Release */,
			);
			defaultConfigurationIsVisible = 0;
			defaultConfigurationName = Release;
		};
		5573A8E02CCB79EE002B564D /* Build configuration list for PBXNativeTarget "CaluculationNoteAppsTests" */ = {
			isa = XCConfigurationList;
			buildConfigurations = (
				5573A8E12CCB79EE002B564D /* Debug */,
				5573A8E22CCB79EE002B564D /* Release */,
			);
			defaultConfigurationIsVisible = 0;
			defaultConfigurationName = Release;
		};
		5573A8E32CCB79EE002B564D /* Build configuration list for PBXNativeTarget "CaluculationNoteAppsUITests" */ = {
			isa = XCConfigurationList;
			buildConfigurations = (
				5573A8E42CCB79EE002B564D /* Debug */,
				5573A8E52CCB79EE002B564D /* Release */,
			);
			defaultConfigurationIsVisible = 0;
			defaultConfigurationName = Release;
		};
/* End XCConfigurationList section */
	};
	rootObject = 5573A8B12CCB79ED002B564D /* Project object */;
}
